
Microsoft Visual Studio Solution File, Format Version 12.00
# Visual Studio Version 17
VisualStudioVersion = 17.4.33213.308
MinimumVisualStudioVersion = 10.0.40219.1
Project("{FAE04EC0-301F-11D3-BF4B-00C04F79EFBC}") = "BlazorAD", "BlazorAD\BlazorAD.csproj", "{B4D26706-52F1-4294-A184-8C1EF6B3BA13}"
EndProject
Global
	GlobalSection(SolutionConfigurationPlatforms) = preSolution
		Debug|Any CPU = Debug|Any CPU
		Release|Any CPU = Release|Any CPU
	EndGlobalSection
	GlobalSection(ProjectConfigurationPlatforms) = postSolution
		{B4D26706-52F1-4294-A184-8C1EF6B3BA13}.Debug|Any CPU.ActiveCfg = Debug|Any CPU
		{B4D26706-52F1-4294-A184-8C1EF6B3BA13}.Debug|Any CPU.Build.0 = Debug|Any CPU
		{B4D26706-52F1-4294-A184-8C1EF6B3BA13}.Release|Any CPU.ActiveCfg = Release|Any CPU
		{B4D26706-52F1-4294-A184-8C1EF6B3BA13}.Release|Any CPU.Build.0 = Release|Any CPU
	EndGlobalSection
	GlobalSection(SolutionProperties) = preSolution
		HideSolutionNode = FALSE
	EndGlobalSection
	GlobalSection(ExtensibilityGlobals) = postSolution
		SolutionGuid = {06DF4C77-D440-45D0-B00A-56309A71ED1D}
	EndGlobalSection
EndGlobal
